// !$*UTF8*$!
{
	archiveVersion = 1;
	classes = {
	};
	objectVersion = 50;
	objects = {

/* Begin PBXBuildFile section */
		6364FEE922B03D15003B2CE8 /* AppDelegate.swift in Sources */ = {isa = PBXBuildFile; fileRef = 6364FEE822B03D15003B2CE8 /* AppDelegate.swift */; };
		6364FEEE22B03D15003B2CE8 /* Main.storyboard in Resources */ = {isa = PBXBuildFile; fileRef = 6364FEEC22B03D15003B2CE8 /* Main.storyboard */; };
		6364FEF022B03D18003B2CE8 /* Assets.xcassets in Resources */ = {isa = PBXBuildFile; fileRef = 6364FEEF22B03D18003B2CE8 /* Assets.xcassets */; };
		6364FEF322B03D18003B2CE8 /* LaunchScreen.storyboard in Resources */ = {isa = PBXBuildFile; fileRef = 6364FEF122B03D18003B2CE8 /* LaunchScreen.storyboard */; };
		6364FEFE22B04172003B2CE8 /* MenuController.swift in Sources */ = {isa = PBXBuildFile; fileRef = 6364FEFD22B04172003B2CE8 /* MenuController.swift */; };
		6364FF0022B04220003B2CE8 /* ALaCarteController.swift in Sources */ = {isa = PBXBuildFile; fileRef = 6364FEFF22B04220003B2CE8 /* ALaCarteController.swift */; };
		6364FF0222B04431003B2CE8 /* MonTabBar.swift in Sources */ = {isa = PBXBuildFile; fileRef = 6364FF0122B04431003B2CE8 /* MonTabBar.swift */; };
		6364FF0522B044A0003B2CE8 /* Constantes.swift in Sources */ = {isa = PBXBuildFile; fileRef = 6364FF0422B044A0003B2CE8 /* Constantes.swift */; };
		6364FF0722B26D36003B2CE8 /* MonNav.swift in Sources */ = {isa = PBXBuildFile; fileRef = 6364FF0622B26D36003B2CE8 /* MonNav.swift */; };
/* End PBXBuildFile section */

/* Begin PBXFileReference section */
		6364FEE522B03D15003B2CE8 /* MonRestoDuMonde.app */ = {isa = PBXFileReference; explicitFileType = wrapper.application; includeInIndex = 0; path = MonRestoDuMonde.app; sourceTree = BUILT_PRODUCTS_DIR; };
		6364FEE822B03D15003B2CE8 /* AppDelegate.swift */ = {isa = PBXFileReference; lastKnownFileType = sourcecode.swift; path = AppDelegate.swift; sourceTree = "<group>"; };
		6364FEED22B03D15003B2CE8 /* Base */ = {isa = PBXFileReference; lastKnownFileType = file.storyboard; name = Base; path = Base.lproj/Main.storyboard; sourceTree = "<group>"; };
		6364FEEF22B03D18003B2CE8 /* Assets.xcassets */ = {isa = PBXFileReference; lastKnownFileType = folder.assetcatalog; path = Assets.xcassets; sourceTree = "<group>"; };
		6364FEF222B03D18003B2CE8 /* Base */ = {isa = PBXFileReference; lastKnownFileType = file.storyboard; name = Base; path = Base.lproj/LaunchScreen.storyboard; sourceTree = "<group>"; };
		6364FEF422B03D18003B2CE8 /* Info.plist */ = {isa = PBXFileReference; lastKnownFileType = text.plist.xml; path = Info.plist; sourceTree = "<group>"; };
		6364FEFD22B04172003B2CE8 /* MenuController.swift */ = {isa = PBXFileReference; lastKnownFileType = sourcecode.swift; path = MenuController.swift; sourceTree = "<group>"; };
		6364FEFF22B04220003B2CE8 /* ALaCarteController.swift */ = {isa = PBXFileReference; lastKnownFileType = sourcecode.swift; path = ALaCarteController.swift; sourceTree = "<group>"; };
		6364FF0122B04431003B2CE8 /* MonTabBar.swift */ = {isa = PBXFileReference; lastKnownFileType = sourcecode.swift; path = MonTabBar.swift; sourceTree = "<group>"; };
		6364FF0422B044A0003B2CE8 /* Constantes.swift */ = {isa = PBXFileReference; lastKnownFileType = sourcecode.swift; path = Constantes.swift; sourceTree = "<group>"; };
		6364FF0622B26D36003B2CE8 /* MonNav.swift */ = {isa = PBXFileReference; lastKnownFileType = sourcecode.swift; path = MonNav.swift; sourceTree = "<group>"; };
/* End PBXFileReference section */

/* Begin PBXFrameworksBuildPhase section */
		6364FEE222B03D15003B2CE8 /* Frameworks */ = {
			isa = PBXFrameworksBuildPhase;
			buildActionMask = 2147483647;
			files = (
			);
			runOnlyForDeploymentPostprocessing = 0;
		};
/* End PBXFrameworksBuildPhase section */

/* Begin PBXGroup section */
		6364FEDC22B03D15003B2CE8 = {
			isa = PBXGroup;
			children = (
				6364FEE722B03D15003B2CE8 /* MonRestoDuMonde */,
				6364FEE622B03D15003B2CE8 /* Products */,
			);
			sourceTree = "<group>";
		};
		6364FEE622B03D15003B2CE8 /* Products */ = {
			isa = PBXGroup;
			children = (
				6364FEE522B03D15003B2CE8 /* MonRestoDuMonde.app */,
			);
			name = Products;
			sourceTree = "<group>";
		};
		6364FEE722B03D15003B2CE8 /* MonRestoDuMonde */ = {
			isa = PBXGroup;
			children = (
				6364FF0322B0447C003B2CE8 /* Utilitaire */,
				6364FEFA22B040B4003B2CE8 /* Modele */,
				6364FEFB22B040D4003B2CE8 /* Vue */,
				6364FEFC22B040DA003B2CE8 /* Controleur */,
				6364FEE822B03D15003B2CE8 /* AppDelegate.swift */,
				6364FEEC22B03D15003B2CE8 /* Main.storyboard */,
				6364FEEF22B03D18003B2CE8 /* Assets.xcassets */,
				6364FEF122B03D18003B2CE8 /* LaunchScreen.storyboard */,
				6364FEF422B03D18003B2CE8 /* Info.plist */,
			);
			path = MonRestoDuMonde;
			sourceTree = "<group>";
		};
		6364FEFA22B040B4003B2CE8 /* Modele */ = {
			isa = PBXGroup;
			children = (
			);
			name = Modele;
			path = "Modèle";
			sourceTree = "<group>";
		};
		6364FEFB22B040D4003B2CE8 /* Vue */ = {
			isa = PBXGroup;
			children = (
			);
			path = Vue;
			sourceTree = "<group>";
		};
		6364FEFC22B040DA003B2CE8 /* Controleur */ = {
			isa = PBXGroup;
			children = (
				6364FEFD22B04172003B2CE8 /* MenuController.swift */,
				6364FEFF22B04220003B2CE8 /* ALaCarteController.swift */,
				6364FF0122B04431003B2CE8 /* MonTabBar.swift */,
				6364FF0622B26D36003B2CE8 /* MonNav.swift */,
			);
			path = Controleur;
			sourceTree = "<group>";
		};
		6364FF0322B0447C003B2CE8 /* Utilitaire */ = {
			isa = PBXGroup;
			children = (
				6364FF0422B044A0003B2CE8 /* Constantes.swift */,
			);
			path = Utilitaire;
			sourceTree = "<group>";
		};
/* End PBXGroup section */

/* Begin PBXNativeTarget section */
		6364FEE422B03D15003B2CE8 /* MonRestoDuMonde */ = {
			isa = PBXNativeTarget;
			buildConfigurationList = 6364FEF722B03D18003B2CE8 /* Build configuration list for PBXNativeTarget "MonRestoDuMonde" */;
			buildPhases = (
				6364FEE122B03D15003B2CE8 /* Sources */,
				6364FEE222B03D15003B2CE8 /* Frameworks */,
				6364FEE322B03D15003B2CE8 /* Resources */,
			);
			buildRules = (
			);
			dependencies = (
			);
			name = MonRestoDuMonde;
			productName = MonRestoDuMonde;
			productReference = 6364FEE522B03D15003B2CE8 /* MonRestoDuMonde.app */;
			productType = "com.apple.product-type.application";
		};
/* End PBXNativeTarget section */

/* Begin PBXProject section */
		6364FEDD22B03D15003B2CE8 /* Project object */ = {
			isa = PBXProject;
			attributes = {
				LastSwiftUpdateCheck = 1020;
				LastUpgradeCheck = 1020;
				ORGANIZATIONNAME = "David PETIPAS";
				TargetAttributes = {
					6364FEE422B03D15003B2CE8 = {
						CreatedOnToolsVersion = 10.2.1;
					};
				};
			};
			buildConfigurationList = 6364FEE022B03D15003B2CE8 /* Build configuration list for PBXProject "MonRestoDuMonde" */;
			compatibilityVersion = "Xcode 9.3";
			developmentRegion = en;
			hasScannedForEncodings = 0;
			knownRegions = (
				en,
				Base,
			);
			mainGroup = 6364FEDC22B03D15003B2CE8;
			productRefGroup = 6364FEE622B03D15003B2CE8 /* Products */;
			projectDirPath = "";
			projectRoot = "";
			targets = (
				6364FEE422B03D15003B2CE8 /* MonRestoDuMonde */,
			);
		};
/* End PBXProject section */

/* Begin PBXResourcesBuildPhase section */
		6364FEE322B03D15003B2CE8 /* Resources */ = {
			isa = PBXResourcesBuildPhase;
			buildActionMask = 2147483647;
			files = (
				6364FEF322B03D18003B2CE8 /* LaunchScreen.storyboard in Resources */,
				6364FEF022B03D18003B2CE8 /* Assets.xcassets in Resources */,
				6364FEEE22B03D15003B2CE8 /* Main.storyboard in Resources */,
			);
			runOnlyForDeploymentPostprocessing = 0;
		};
/* End PBXResourcesBuildPhase section */

/* Begin PBXSourcesBuildPhase section */
		6364FEE122B03D15003B2CE8 /* Sources */ = {
			isa = PBXSourcesBuildPhase;
			buildActionMask = 2147483647;
			files = (
				6364FF0522B044A0003B2CE8 /* Constantes.swift in Sources */,
				6364FF0222B04431003B2CE8 /* MonTabBar.swift in Sources */,
				6364FF0722B26D36003B2CE8 /* MonNav.swift in Sources */,
				6364FEFE22B04172003B2CE8 /* MenuController.swift in Sources */,
				6364FEE922B03D15003B2CE8 /* AppDelegate.swift in Sources */,
				6364FF0022B04220003B2CE8 /* ALaCarteController.swift in Sources */,
			);
			runOnlyForDeploymentPostprocessing = 0;
		};
/* End PBXSourcesBuildPhase section */

/* Begin PBXVariantGroup section */
		6364FEEC22B03D15003B2CE8 /* Main.storyboard */ = {
			isa = PBXVariantGroup;
			children = (
				6364FEED22B03D15003B2CE8 /* Base */,
			);
			name = Main.storyboard;
			sourceTree = "<group>";
		};
		6364FEF122B03D18003B2CE8 /* LaunchScreen.storyboard */ = {
			isa = PBXVariantGroup;
			children = (
				6364FEF222B03D18003B2CE8 /* Base */,
			);
			name = LaunchScreen.storyboard;
			sourceTree = "<group>";
		};
/* End PBXVariantGroup section */

/* Begin XCBuildConfiguration section */
		6364FEF522B03D18003B2CE8 /* Debug */ = {
			isa = XCBuildConfiguration;
			buildSettings = {
				ALWAYS_SEARCH_USER_PATHS = NO;
				CLANG_ANALYZER_NONNULL = YES;
				CLANG_ANALYZER_NUMBER_OBJECT_CONVERSION = YES_AGGRESSIVE;
				CLANG_CXX_LANGUAGE_STANDARD = "gnu++14";
				CLANG_CXX_LIBRARY = "libc++";
				CLANG_ENABLE_MODULES = YES;
				CLANG_ENABLE_OBJC_ARC = YES;
				CLANG_ENABLE_OBJC_WEAK = YES;
				CLANG_WARN_BLOCK_CAPTURE_AUTORELEASING = YES;
				CLANG_WARN_BOOL_CONVERSION = YES;
				CLANG_WARN_COMMA = YES;
				CLANG_WARN_CONSTANT_CONVERSION = YES;
				CLANG_WARN_DEPRECATED_OBJC_IMPLEMENTATIONS = YES;
				CLANG_WARN_DIRECT_OBJC_ISA_USAGE = YES_ERROR;
				CLANG_WARN_DOCUMENTATION_COMMENTS = YES;
				CLANG_WARN_EMPTY_BODY = YES;
				CLANG_WARN_ENUM_CONVERSION = YES;
				CLANG_WARN_INFINITE_RECURSION = YES;
				CLANG_WARN_INT_CONVERSION = YES;
				CLANG_WARN_NON_LITERAL_NULL_CONVERSION = YES;
				CLANG_WARN_OBJC_IMPLICIT_RETAIN_SELF = YES;
				CLANG_WARN_OBJC_LITERAL_CONVERSION = YES;
				CLANG_WARN_OBJC_ROOT_CLASS = YES_ERROR;
				CLANG_WARN_RANGE_LOOP_ANALYSIS = YES;
				CLANG_WARN_STRICT_PROTOTYPES = YES;
				CLANG_WARN_SUSPICIOUS_MOVE = YES;
				CLANG_WARN_UNGUARDED_AVAILABILITY = YES_AGGRESSIVE;
				CLANG_WARN_UNREACHABLE_CODE = YES;
				CLANG_WARN__DUPLICATE_METHOD_MATCH = YES;
				CODE_SIGN_IDENTITY = "iPhone Developer";
				COPY_PHASE_STRIP = NO;
				DEBUG_INFORMATION_FORMAT = dwarf;
				ENABLE_STRICT_OBJC_MSGSEND = YES;
				ENABLE_TESTABILITY = YES;
				GCC_C_LANGUAGE_STANDARD = gnu11;
				GCC_DYNAMIC_NO_PIC = NO;
				GCC_NO_COMMON_BLOCKS = YES;
				GCC_OPTIMIZATION_LEVEL = 0;
				GCC_PREPROCESSOR_DEFINITIONS = (
					"DEBUG=1",
					"$(inherited)",
				);
				GCC_WARN_64_TO_32_BIT_CONVERSION = YES;
				GCC_WARN_ABOUT_RETURN_TYPE = YES_ERROR;
				GCC_WARN_UNDECLARED_SELECTOR = YES;
				GCC_WARN_UNINITIALIZED_AUTOS = YES_AGGRESSIVE;
				GCC_WARN_UNUSED_FUNCTION = YES;
				GCC_WARN_UNUSED_VARIABLE = YES;
				IPHONEOS_DEPLOYMENT_TARGET = 12.2;
				MTL_ENABLE_DEBUG_INFO = INCLUDE_SOURCE;
				MTL_FAST_MATH = YES;
				ONLY_ACTIVE_ARCH = YES;
				SDKROOT = iphoneos;
				SWIFT_ACTIVE_COMPILATION_CONDITIONS = DEBUG;
				SWIFT_OPTIMIZATION_LEVEL = "-Onone";
			};
			name = Debug;
		};
		6364FEF622B03D18003B2CE8 /* Release */ = {
			isa = XCBuildConfiguration;
			buildSettings = {
				ALWAYS_SEARCH_USER_PATHS = NO;
				CLANG_ANALYZER_NONNULL = YES;
				CLANG_ANALYZER_NUMBER_OBJECT_CONVERSION = YES_AGGRESSIVE;
				CLANG_CXX_LANGUAGE_STANDARD = "gnu++14";
				CLANG_CXX_LIBRARY = "libc++";
				CLANG_ENABLE_MODULES = YES;
				CLANG_ENABLE_OBJC_ARC = YES;
				CLANG_ENABLE_OBJC_WEAK = YES;
				CLANG_WARN_BLOCK_CAPTURE_AUTORELEASING = YES;
				CLANG_WARN_BOOL_CONVERSION = YES;
				CLANG_WARN_COMMA = YES;
				CLANG_WARN_CONSTANT_CONVERSION = YES;
				CLANG_WARN_DEPRECATED_OBJC_IMPLEMENTATIONS = YES;
				CLANG_WARN_DIRECT_OBJC_ISA_USAGE = YES_ERROR;
				CLANG_WARN_DOCUMENTATION_COMMENTS = YES;
				CLANG_WARN_EMPTY_BODY = YES;
				CLANG_WARN_ENUM_CONVERSION = YES;
				CLANG_WARN_INFINITE_RECURSION = YES;
				CLANG_WARN_INT_CONVERSION = YES;
				CLANG_WARN_NON_LITERAL_NULL_CONVERSION = YES;
				CLANG_WARN_OBJC_IMPLICIT_RETAIN_SELF = YES;
				CLANG_WARN_OBJC_LITERAL_CONVERSION = YES;
				CLANG_WARN_OBJC_ROOT_CLASS = YES_ERROR;
				CLANG_WARN_RANGE_LOOP_ANALYSIS = YES;
				CLANG_WARN_STRICT_PROTOTYPES = YES;
				CLANG_WARN_SUSPICIOUS_MOVE = YES;
				CLANG_WARN_UNGUARDED_AVAILABILITY = YES_AGGRESSIVE;
				CLANG_WARN_UNREACHABLE_CODE = YES;
				CLANG_WARN__DUPLICATE_METHOD_MATCH = YES;
				CODE_SIGN_IDENTITY = "iPhone Developer";
				COPY_PHASE_STRIP = NO;
				DEBUG_INFORMATION_FORMAT = "dwarf-with-dsym";
				ENABLE_NS_ASSERTIONS = NO;
				ENABLE_STRICT_OBJC_MSGSEND = YES;
				GCC_C_LANGUAGE_STANDARD = gnu11;
				GCC_NO_COMMON_BLOCKS = YES;
				GCC_WARN_64_TO_32_BIT_CONVERSION = YES;
				GCC_WARN_ABOUT_RETURN_TYPE = YES_ERROR;
				GCC_WARN_UNDECLARED_SELECTOR = YES;
				GCC_WARN_UNINITIALIZED_AUTOS = YES_AGGRESSIVE;
				GCC_WARN_UNUSED_FUNCTION = YES;
				GCC_WARN_UNUSED_VARIABLE = YES;
				IPHONEOS_DEPLOYMENT_TARGET = 12.2;
				MTL_ENABLE_DEBUG_INFO = NO;
				MTL_FAST_MATH = YES;
				SDKROOT = iphoneos;
				SWIFT_COMPILATION_MODE = wholemodule;
				SWIFT_OPTIMIZATION_LEVEL = "-O";
				VALIDATE_PRODUCT = YES;
			};
			name = Release;
		};
		6364FEF822B03D18003B2CE8 /* Debug */ = {
			isa = XCBuildConfiguration;
			buildSettings = {
				ASSETCATALOG_COMPILER_APPICON_NAME = AppIcon;
				CODE_SIGN_STYLE = Automatic;
				DEVELOPMENT_TEAM = ZRN29KQRDL;
				INFOPLIST_FILE = MonRestoDuMonde/Info.plist;
				LD_RUNPATH_SEARCH_PATHS = (
					"$(inherited)",
					"@executable_path/Frameworks",
				);
				PRODUCT_BUNDLE_IDENTIFIER = david.MonRestoDuMonde;
				PRODUCT_NAME = "$(TARGET_NAME)";
				SWIFT_VERSION = 5.0;
				TARGETED_DEVICE_FAMILY = "1,2";
			};
			name = Debug;
		};
		6364FEF922B03D18003B2CE8 /* Release */ = {
			isa = XCBuildConfiguration;
			buildSettings = {
				ASSETCATALOG_COMPILER_APPICON_NAME = AppIcon;
				CODE_SIGN_STYLE = Automatic;
				DEVELOPMENT_TEAM = ZRN29KQRDL;
				INFOPLIST_FILE = MonRestoDuMonde/Info.plist;
				LD_RUNPATH_SEARCH_PATHS = (
					"$(inherited)",
					"@executable_path/Frameworks",
				);
				PRODUCT_BUNDLE_IDENTIFIER = david.MonRestoDuMonde;
				PRODUCT_NAME = "$(TARGET_NAME)";
				SWIFT_VERSION = 5.0;
				TARGETED_DEVICE_FAMILY = "1,2";
			};
			name = Release;
		};
/* End XCBuildConfiguration section */

/* Begin XCConfigurationList section */
		6364FEE022B03D15003B2CE8 /* Build configuration list for PBXProject "MonRestoDuMonde" */ = {
			isa = XCConfigurationList;
			buildConfigurations = (
				6364FEF522B03D18003B2CE8 /* Debug */,
				6364FEF622B03D18003B2CE8 /* Release */,
			);
			defaultConfigurationIsVisible = 0;
			defaultConfigurationName = Release;
		};
		6364FEF722B03D18003B2CE8 /* Build configuration list for PBXNativeTarget "MonRestoDuMonde" */ = {
			isa = XCConfigurationList;
			buildConfigurations = (
				6364FEF822B03D18003B2CE8 /* Debug */,
				6364FEF922B03D18003B2CE8 /* Release */,
			);
			defaultConfigurationIsVisible = 0;
			defaultConfigurationName = Release;
		};
/* End XCConfigurationList section */
	};
	rootObject = 6364FEDD22B03D15003B2CE8 /* Project object */;
}
